<?xml version="1.0" encoding="utf-8"?>
<Project ToolsVersion="4.0" xmlns="http://schemas.microsoft.com/developer/msbuild/2003">
  <ItemGroup>
    <Filter Include="ImGui">
      <UniqueIdentifier>{C0FF640D-2C14-8DBE-F595-301E616989EF}</UniqueIdentifier>
    </Filter>
    <Filter Include="Platform">
      <UniqueIdentifier>{2AC788B4-1694-E3BF-3FAD-D1672BD9184E}</UniqueIdentifier>
    </Filter>
    <Filter Include="Platform\Windows">
      <UniqueIdentifier>{64FBD71A-50F4-F66C-7926-DCF1657ED678}</UniqueIdentifier>
    </Filter>
    <Filter Include="Renderer">
      <UniqueIdentifier>{7CCE658F-689B-C09A-91B4-AE427DE0F528}</UniqueIdentifier>
    </Filter>
    <Filter Include="Test">
      <UniqueIdentifier>{45DC8C7C-3113-8E0D-DAFF-7310C6150A0F}</UniqueIdentifier>
    </Filter>
  </ItemGroup>
  <ItemGroup>
    <ClInclude Include="src\Application.h" />
    <ClInclude Include="src\ImGui\ImGuiLayer.h">
      <Filter>ImGui</Filter>
    </ClInclude>
    <ClInclude Include="src\Input.h" />
    <ClInclude Include="src\Platform\Windows\WindowsInput.h">
      <Filter>Platform\Windows</Filter>
    </ClInclude>
    <ClInclude Include="src\Platform\Windows\WindowsWindow.h">
      <Filter>Platform\Windows</Filter>
    </ClInclude>
    <ClInclude Include="src\Renderer\Camera.h">
      <Filter>Renderer</Filter>
    </ClInclude>
    <ClInclude Include="src\Renderer\IndexBuffer.h">
      <Filter>Renderer</Filter>
    </ClInclude>
    <ClInclude Include="src\Renderer\Mesh.h">
      <Filter>Renderer</Filter>
    </ClInclude>
    <ClInclude Include="src\Renderer\Model.h">
      <Filter>Renderer</Filter>
    </ClInclude>
    <ClInclude Include="src\Renderer\Renderer.h">
      <Filter>Renderer</Filter>
    </ClInclude>
    <ClInclude Include="src\Renderer\Shader.h">
      <Filter>Renderer</Filter>
    </ClInclude>
    <ClInclude Include="src\Renderer\Texture.h">
      <Filter>Renderer</Filter>
    </ClInclude>
    <ClInclude Include="src\Renderer\VertexArray.h">
      <Filter>Renderer</Filter>
    </ClInclude>
    <ClInclude Include="src\Renderer\VertexBuffer.h">
      <Filter>Renderer</Filter>
    </ClInclude>
    <ClInclude Include="src\Renderer\VertexBufferLayout.h">
      <Filter>Renderer</Filter>
    </ClInclude>
    <ClInclude Include="src\Test\Test.h">
      <Filter>Test</Filter>
    </ClInclude>
    <ClInclude Include="src\Test\Test3D.h">
      <Filter>Test</Filter>
    </ClInclude>
    <ClInclude Include="src\Test\TestClearColor.h">
      <Filter>Test</Filter>
    </ClInclude>
    <ClInclude Include="src\Test\TestModel3D.h">
      <Filter>Test</Filter>
    </ClInclude>
    <ClInclude Include="src\Test\TestTexture2D.h">
      <Filter>Test</Filter>
    </ClInclude>
    <ClInclude Include="src\Window.h" />
    <ClInclude Include="src\Test\SimpleLighting.h" />
  </ItemGroup>
  <ItemGroup>
    <ClCompile Include="src\Application.cpp" />
    <ClCompile Include="src\EntryPoint.cpp" />
    <ClCompile Include="src\ImGui\ImGuiBuild.cpp">
      <Filter>ImGui</Filter>
    </ClCompile>
    <ClCompile Include="src\ImGui\ImGuiLayer.cpp">
      <Filter>ImGui</Filter>
    </ClCompile>
    <ClCompile Include="src\Platform\Windows\WindowsInput.cpp">
      <Filter>Platform\Windows</Filter>
    </ClCompile>
    <ClCompile Include="src\Platform\Windows\WindowsWindow.cpp">
      <Filter>Platform\Windows</Filter>
    </ClCompile>
    <ClCompile Include="src\Renderer\Camera.cpp">
      <Filter>Renderer</Filter>
    </ClCompile>
    <ClCompile Include="src\Renderer\IndexBuffer.cpp">
      <Filter>Renderer</Filter>
    </ClCompile>
    <ClCompile Include="src\Renderer\Mesh.cpp">
      <Filter>Renderer</Filter>
    </ClCompile>
    <ClCompile Include="src\Renderer\Model.cpp">
      <Filter>Renderer</Filter>
    </ClCompile>
    <ClCompile Include="src\Renderer\Renderer.cpp">
      <Filter>Renderer</Filter>
    </ClCompile>
    <ClCompile Include="src\Renderer\Shader.cpp">
      <Filter>Renderer</Filter>
    </ClCompile>
    <ClCompile Include="src\Renderer\Texture.cpp">
      <Filter>Renderer</Filter>
    </ClCompile>
    <ClCompile Include="src\Renderer\VertexArray.cpp">
      <Filter>Renderer</Filter>
    </ClCompile>
    <ClCompile Include="src\Renderer\VertexBuffer.cpp">
      <Filter>Renderer</Filter>
    </ClCompile>
    <ClCompile Include="src\Test\Test.cpp">
      <Filter>Test</Filter>
    </ClCompile>
    <ClCompile Include="src\Test\Test3D.cpp">
      <Filter>Test</Filter>
    </ClCompile>
    <ClCompile Include="src\Test\TestClearColor.cpp">
      <Filter>Test</Filter>
    </ClCompile>
    <ClCompile Include="src\Test\TestModel3D.cpp">
      <Filter>Test</Filter>
    </ClCompile>
    <ClCompile Include="src\Test\TestTexture2D.cpp">
      <Filter>Test</Filter>
    </ClCompile>
    <ClCompile Include="src\Test\SimpleLighting.cpp" />
  </ItemGroup>
</Project>